
Microsoft Visual Studio Solution File, Format Version 12.00
# Visual Studio Version 17
VisualStudioVersion = 17.9.34902.65
MinimumVisualStudioVersion = 10.0.40219.1
Project("{FAE04EC0-301F-11D3-BF4B-00C04F79EFBC}") = "todo-minimal-api", "todo-minimal-api\todo-minimal-api.csproj", "{EAE9F100-AFAC-43EB-B10D-8D33F2FC9F2A}"
EndProject
Global
	GlobalSection(SolutionConfigurationPlatforms) = preSolution
		Debug|Any CPU = Debug|Any CPU
		Release|Any CPU = Release|Any CPU
	EndGlobalSection
	GlobalSection(ProjectConfigurationPlatforms) = postSolution
		{EAE9F100-AFAC-43EB-B10D-8D33F2FC9F2A}.Debug|Any CPU.ActiveCfg = Debug|Any CPU
		{EAE9F100-AFAC-43EB-B10D-8D33F2FC9F2A}.Debug|Any CPU.Build.0 = Debug|Any CPU
		{EAE9F100-AFAC-43EB-B10D-8D33F2FC9F2A}.Release|Any CPU.ActiveCfg = Release|Any CPU
		{EAE9F100-AFAC-43EB-B10D-8D33F2FC9F2A}.Release|Any CPU.Build.0 = Release|Any CPU
	EndGlobalSection
	GlobalSection(SolutionProperties) = preSolution
		HideSolutionNode = FALSE
	EndGlobalSection
	GlobalSection(ExtensibilityGlobals) = postSolution
		SolutionGuid = {A7C435E3-E116-4F16-933C-A1BE0FB6BD4B}
	EndGlobalSection
EndGlobal
